# @generated by Move, please check-in and do not edit manually.

[move]
version = 3
manifest_digest = "13C8119991B3A619922E2CA3F44B46086CBC47B078AF8163CC3E49CA32072038"
deps_digest = "F8BBB0CCB2491CA29A3DF03D6F92277A4F3574266507ACD77214D37ECA3F3082"
dependencies = [
  { id = "One", name = "One" },
]

[[move.package]]
id = "MoveStdlib"
source = { git = "https://github.com/one-chain-labs/onechain.git", rev = "main", subdir = "crates/sui-framework/packages/move-stdlib" }

[[move.package]]
id = "One"
source = { git = "https://github.com/one-chain-labs/onechain.git", rev = "main", subdir = "crates/sui-framework/packages/one-framework" }

dependencies = [
  { id = "MoveStdlib", name = "MoveStdlib" },
]

[move.toolchain-version]
compiler-version = "1.1.1"
edition = "2024.beta"
flavor = "one"

[env]

[env.testnet]
chain-id = "1bd5c965"
original-published-id = "0x21d1519a30847bf2e66f0e331bbb3b3eeba8fe73deee72a22ae14dde337b38f8"
latest-published-id = "0x21d1519a30847bf2e66f0e331bbb3b3eeba8fe73deee72a22ae14dde337b38f8"
published-version = "1"
